
Microsoft Visual Studio Solution File, Format Version 12.00
# Visual Studio 15
VisualStudioVersion = 15.0.26730.8
MinimumVisualStudioVersion = 10.0.40219.1
Project("{FAE04EC0-301F-11D3-BF4B-00C04F79EFBC}") = "AppConsole", "AppConsole\AppConsole.csproj", "{9872588D-742B-4243-8CFD-EAE5303DE28F}"
EndProject
Global
	GlobalSection(SolutionConfigurationPlatforms) = preSolution
		Debug|Any CPU = Debug|Any CPU
		Release|Any CPU = Release|Any CPU
	EndGlobalSection
	GlobalSection(ProjectConfigurationPlatforms) = postSolution
		{9872588D-742B-4243-8CFD-EAE5303DE28F}.Debug|Any CPU.ActiveCfg = Debug|Any CPU
		{9872588D-742B-4243-8CFD-EAE5303DE28F}.Debug|Any CPU.Build.0 = Debug|Any CPU
		{9872588D-742B-4243-8CFD-EAE5303DE28F}.Release|Any CPU.ActiveCfg = Release|Any CPU
		{9872588D-742B-4243-8CFD-EAE5303DE28F}.Release|Any CPU.Build.0 = Release|Any CPU
	EndGlobalSection
	GlobalSection(SolutionProperties) = preSolution
		HideSolutionNode = FALSE
	EndGlobalSection
	GlobalSection(ExtensibilityGlobals) = postSolution
		SolutionGuid = {50E99D8C-3D9A-440A-95C6-9EEF13737719}
	EndGlobalSection
EndGlobal
